Microsoft Visual Studio Solution File, Format Version 11.00
# Visual Studio 2008

Project("{B82AE0B5-D332-5FE2-9B83-55396DBB5BB1}") = "TestUnity3", "Assembly-CSharp-firstpass-vs.csproj", "{D4DFBAF7-34DB-6804-B1A6-FA14F9A0DC42}"
EndProject
Project("{B82AE0B5-D332-5FE2-9B83-55396DBB5BB1}") = "TestUnity3", "Assembly-CSharp-vs.csproj", "{E78A3020-2C6F-9AE7-6AD9-955BEA186A2C}"
EndProject
Project("{B82AE0B5-D332-5FE2-9B83-55396DBB5BB1}") = "TestUnity3", "Assembly-CSharp-Editor-vs.csproj", "{9CDF7253-B1A5-447A-211D-C6C724284FC0}"
EndProject
Global
	GlobalSection(SolutionConfigurationPlatforms) = preSolution
		Debug|Any CPU = Debug|Any CPU
		Release|Any CPU = Release|Any CPU
	EndGlobalSection
	GlobalSection(ProjectConfigurationPlatforms) = postSolution
		{D4DFBAF7-34DB-6804-B1A6-FA14F9A0DC42}.Debug|Any CPU.ActiveCfg = Debug|Any CPU
		{D4DFBAF7-34DB-6804-B1A6-FA14F9A0DC42}.Debug|Any CPU.Build.0 = Debug|Any CPU
		{D4DFBAF7-34DB-6804-B1A6-FA14F9A0DC42}.Release|Any CPU.ActiveCfg = Release|Any CPU
		{D4DFBAF7-34DB-6804-B1A6-FA14F9A0DC42}.Release|Any CPU.Build.0 = Release|Any CPU
		{E78A3020-2C6F-9AE7-6AD9-955BEA186A2C}.Debug|Any CPU.ActiveCfg = Debug|Any CPU
		{E78A3020-2C6F-9AE7-6AD9-955BEA186A2C}.Debug|Any CPU.Build.0 = Debug|Any CPU
		{E78A3020-2C6F-9AE7-6AD9-955BEA186A2C}.Release|Any CPU.ActiveCfg = Release|Any CPU
		{E78A3020-2C6F-9AE7-6AD9-955BEA186A2C}.Release|Any CPU.Build.0 = Release|Any CPU
		{9CDF7253-B1A5-447A-211D-C6C724284FC0}.Debug|Any CPU.ActiveCfg = Debug|Any CPU
		{9CDF7253-B1A5-447A-211D-C6C724284FC0}.Debug|Any CPU.Build.0 = Debug|Any CPU
		{9CDF7253-B1A5-447A-211D-C6C724284FC0}.Release|Any CPU.ActiveCfg = Release|Any CPU
		{9CDF7253-B1A5-447A-211D-C6C724284FC0}.Release|Any CPU.Build.0 = Release|Any CPU
	EndGlobalSection
	GlobalSection(SolutionProperties) = preSolution
		HideSolutionNode = FALSE
	EndGlobalSection
																																																																									GlobalSection(MonoDevelopProperties) = preSolution
		StartupItem = Assembly-CSharp.csproj
		Policies = $0
		$0.TextStylePolicy = $1
		$1.inheritsSet = null
		$1.scope = text/x-csharp
		$0.CSharpFormattingPolicy = $2
		$2.inheritsSet = Mono
		$2.inheritsScope = text/x-csharp
		$2.scope = text/x-csharp
		$0.TextStylePolicy = $3
		$3.FileWidth = 120
		$3.TabWidth = 4
		$3.EolMarker = Unix
		$3.inheritsSet = Mono
		$3.inheritsScope = text/plain
		$3.scope = text/plain
	EndGlobalSection

EndGlobal
